// !$*UTF8*$!
{
	archiveVersion = 1;
	classes = {
	};
	objectVersion = 77;
	objects = {

/* Begin PBXBuildFile section */
		BF03530B2E8D72620009DF08 /* Localizable.strings in Resources */ = {isa = PBXBuildFile; fileRef = BFA93A1C2E6A299A00E42E11 /* Localizable.strings */; };
		BF0353102E8D8A4A0009DF08 /* InlineNavigationBar.swift in Sources */ = {isa = PBXBuildFile; fileRef = BF03530F2E8D8A4A0009DF08 /* InlineNavigationBar.swift */; };
		BF0353162E8DB0070009DF08 /* WidgetKit.framework in Frameworks */ = {isa = PBXBuildFile; fileRef = BF8FE6C72E8AEE93004666AF /* WidgetKit.framework */; };
		BF0353172E8DB0070009DF08 /* SwiftUI.framework in Frameworks */ = {isa = PBXBuildFile; fileRef = BF8FE6C92E8AEE93004666AF /* SwiftUI.framework */; };
		BF0353222E8DB0090009DF08 /* PortfolioWidgetMacExtension.appex in Embed Foundation Extensions */ = {isa = PBXBuildFile; fileRef = BF0353152E8DB0070009DF08 /* PortfolioWidgetMacExtension.appex */; platformFilters = (macos, ); settings = {ATTRIBUTES = (RemoveHeadersOnCopy, ); }; };
		BF0353272E8DC02C0009DF08 /* Tag-CoreDataHelpers.swift in Sources */ = {isa = PBXBuildFile; fileRef = BFA93A252E6A299A00E42E11 /* Tag-CoreDataHelpers.swift */; };
		BF03532A2E8DC02C0009DF08 /* Issue-CoreDataHelpers.swift in Sources */ = {isa = PBXBuildFile; fileRef = BFA93A162E6A299A00E42E11 /* Issue-CoreDataHelpers.swift */; };
		BF03532B2E8DC02C0009DF08 /* DataController.swift in Sources */ = {isa = PBXBuildFile; fileRef = BFA93A132E6A299A00E42E11 /* DataController.swift */; };
		BF03532C2E8DC02C0009DF08 /* DataController-StoreKit.swift in Sources */ = {isa = PBXBuildFile; fileRef = BFAF8C202E81CE3100D04DAC /* DataController-StoreKit.swift */; };
		BF03532F2E8DC0360009DF08 /* Main.xcdatamodeld in Sources */ = {isa = PBXBuildFile; fileRef = BFA93A202E6A299A00E42E11 /* Main.xcdatamodeld */; };
		BF0353312E8DC1CB0009DF08 /* Filter.swift in Sources */ = {isa = PBXBuildFile; fileRef = BFA93A152E6A299A00E42E11 /* Filter.swift */; };
		BF0353332E8DC5340009DF08 /* MacFrame.swift in Sources */ = {isa = PBXBuildFile; fileRef = BF0353322E8DC5340009DF08 /* MacFrame.swift */; };
		BF0353352E8DC8AB0009DF08 /* Credits.rtf in Resources */ = {isa = PBXBuildFile; fileRef = BF0353342E8DC8AB0009DF08 /* Credits.rtf */; };
		BF06258B2E70AF3E006C6214 /* PerformanceTests.swift in Sources */ = {isa = PBXBuildFile; fileRef = BF06258A2E70AF3E006C6214 /* PerformanceTests.swift */; };
		BF1EAC882E79DAAA00E32B49 /* DataController-Notifications.swift in Sources */ = {isa = PBXBuildFile; fileRef = BF1EAC872E79DAAA00E32B49 /* DataController-Notifications.swift */; };
		BF3244612E84756E0004AE3C /* AppDelegate.swift in Sources */ = {isa = PBXBuildFile; fileRef = BF3244602E84756E0004AE3C /* AppDelegate.swift */; };
		BF3244632E8475780004AE3C /* SceneDelegate.swift in Sources */ = {isa = PBXBuildFile; fileRef = BF3244622E8475780004AE3C /* SceneDelegate.swift */; };
		BF5D5F642E6F5FE0004131DC /* UltimatePortfolio_AH.xctestplan in Resources */ = {isa = PBXBuildFile; fileRef = BF5D5F612E6F5FE0004131DC /* UltimatePortfolio_AH.xctestplan */; };
		BF5D5F652E6F5FE0004131DC /* AssetTests.swift in Sources */ = {isa = PBXBuildFile; fileRef = BF5D5F5C2E6F5FE0004131DC /* AssetTests.swift */; };
		BF5D5F662E6F5FE0004131DC /* AwardsTest.swift in Sources */ = {isa = PBXBuildFile; fileRef = BF5D5F5D2E6F5FE0004131DC /* AwardsTest.swift */; };
		BF5D5F672E6F5FE0004131DC /* DevelopmentTests.swift in Sources */ = {isa = PBXBuildFile; fileRef = BF5D5F5E2E6F5FE0004131DC /* DevelopmentTests.swift */; };
		BF5D5F682E6F5FE0004131DC /* ExtensionTests.swift in Sources */ = {isa = PBXBuildFile; fileRef = BF5D5F5F2E6F5FE0004131DC /* ExtensionTests.swift */; };
		BF5D5F692E6F5FE0004131DC /* TagTests.swift in Sources */ = {isa = PBXBuildFile; fileRef = BF5D5F602E6F5FE0004131DC /* TagTests.swift */; };
		BF5D5F6A2E6F5FE0004131DC /* UltimatePortfolio_AHTests.swift in Sources */ = {isa = PBXBuildFile; fileRef = BF5D5F622E6F5FE0004131DC /* UltimatePortfolio_AHTests.swift */; };
		BF5D5F6D2E6F600B004131DC /* DecodableDictionary.json in Resources */ = {isa = PBXBuildFile; fileRef = BF5D5F6C2E6F600B004131DC /* DecodableDictionary.json */; };
		BF5D5F6F2E6F6030004131DC /* DecodableString.json in Resources */ = {isa = PBXBuildFile; fileRef = BF5D5F6E2E6F6030004131DC /* DecodableString.json */; };
		BF8FE6C82E8AEE93004666AF /* WidgetKit.framework in Frameworks */ = {isa = PBXBuildFile; fileRef = BF8FE6C72E8AEE93004666AF /* WidgetKit.framework */; };
		BF8FE6CA2E8AEE93004666AF /* SwiftUI.framework in Frameworks */ = {isa = PBXBuildFile; fileRef = BF8FE6C92E8AEE93004666AF /* SwiftUI.framework */; };
		BF8FE6D52E8AEE95004666AF /* PortfolioWidgetExtension.appex in Embed Foundation Extensions */ = {isa = PBXBuildFile; fileRef = BF8FE6C52E8AEE93004666AF /* PortfolioWidgetExtension.appex */; platformFilter = ios; settings = {ATTRIBUTES = (RemoveHeadersOnCopy, ); }; };
		BF8FE6DB2E8AEF92004666AF /* Main.xcdatamodeld in Sources */ = {isa = PBXBuildFile; fileRef = BFA93A202E6A299A00E42E11 /* Main.xcdatamodeld */; };
		BF8FE6DC2E8AEFB6004666AF /* Tag-CoreDataHelpers.swift in Sources */ = {isa = PBXBuildFile; fileRef = BFA93A252E6A299A00E42E11 /* Tag-CoreDataHelpers.swift */; };
		BF8FE6DD2E8AEFB6004666AF /* Issue-CoreDataHelpers.swift in Sources */ = {isa = PBXBuildFile; fileRef = BFA93A162E6A299A00E42E11 /* Issue-CoreDataHelpers.swift */; };
		BF8FE6DE2E8AEFC0004666AF /* DataController.swift in Sources */ = {isa = PBXBuildFile; fileRef = BFA93A132E6A299A00E42E11 /* DataController.swift */; };
		BF8FE6DF2E8AF038004666AF /* Filter.swift in Sources */ = {isa = PBXBuildFile; fileRef = BFA93A152E6A299A00E42E11 /* Filter.swift */; };
		BF8FE6E22E8AF079004666AF /* DataController-StoreKit.swift in Sources */ = {isa = PBXBuildFile; fileRef = BFAF8C202E81CE3100D04DAC /* DataController-StoreKit.swift */; };
		BF8FE6E42E8AF1E4004666AF /* DataController-Awards.swift in Sources */ = {isa = PBXBuildFile; fileRef = BF8FE6E32E8AF1E4004666AF /* DataController-Awards.swift */; };
		BFA93A2C2E6A299A00E42E11 /* Award.swift in Sources */ = {isa = PBXBuildFile; fileRef = BFA93A0A2E6A299A00E42E11 /* Award.swift */; };
		BFA93A2D2E6A299A00E42E11 /* AwardView.swift in Sources */ = {isa = PBXBuildFile; fileRef = BFA93A0E2E6A299A00E42E11 /* AwardView.swift */; };
		BFA93A2E2E6A299A00E42E11 /* Bundle-Decodable.swift in Sources */ = {isa = PBXBuildFile; fileRef = BFA93A0F2E6A299A00E42E11 /* Bundle-Decodable.swift */; };
		BFA93A2F2E6A299A00E42E11 /* ContentView.swift in Sources */ = {isa = PBXBuildFile; fileRef = BFA93A112E6A299A00E42E11 /* ContentView.swift */; };
		BFA93A302E6A299A00E42E11 /* ContentViewToolbar.swift in Sources */ = {isa = PBXBuildFile; fileRef = BFA93A122E6A299A00E42E11 /* ContentViewToolbar.swift */; };
		BFA93A312E6A299A00E42E11 /* DataController.swift in Sources */ = {isa = PBXBuildFile; fileRef = BFA93A132E6A299A00E42E11 /* DataController.swift */; };
		BFA93A322E6A299A00E42E11 /* DetailView.swift in Sources */ = {isa = PBXBuildFile; fileRef = BFA93A142E6A299A00E42E11 /* DetailView.swift */; };
		BFA93A332E6A299A00E42E11 /* Filter.swift in Sources */ = {isa = PBXBuildFile; fileRef = BFA93A152E6A299A00E42E11 /* Filter.swift */; };
		BFA93A342E6A299A00E42E11 /* Issue-CoreDataHelpers.swift in Sources */ = {isa = PBXBuildFile; fileRef = BFA93A162E6A299A00E42E11 /* Issue-CoreDataHelpers.swift */; };
		BFA93A352E6A299A00E42E11 /* IssueRowView.swift in Sources */ = {isa = PBXBuildFile; fileRef = BFA93A172E6A299A00E42E11 /* IssueRowView.swift */; };
		BFA93A362E6A299A00E42E11 /* IssueView.swift in Sources */ = {isa = PBXBuildFile; fileRef = BFA93A182E6A299A00E42E11 /* IssueView.swift */; };
		BFA93A372E6A299A00E42E11 /* IssueViewToolbar.swift in Sources */ = {isa = PBXBuildFile; fileRef = BFA93A192E6A299A00E42E11 /* IssueViewToolbar.swift */; };
		BFA93A382E6A299A00E42E11 /* Main.xcdatamodeld in Sources */ = {isa = PBXBuildFile; fileRef = BFA93A202E6A299A00E42E11 /* Main.xcdatamodeld */; };
		BFA93A392E6A299A00E42E11 /* NoIssueView.swift in Sources */ = {isa = PBXBuildFile; fileRef = BFA93A212E6A299A00E42E11 /* NoIssueView.swift */; };
		BFA93A3A2E6A299A00E42E11 /* SidebarView.swift in Sources */ = {isa = PBXBuildFile; fileRef = BFA93A222E6A299A00E42E11 /* SidebarView.swift */; };
		BFA93A3B2E6A299A00E42E11 /* SideBarViewToolbar.swift in Sources */ = {isa = PBXBuildFile; fileRef = BFA93A232E6A299A00E42E11 /* SideBarViewToolbar.swift */; };
		BFA93A3C2E6A299A00E42E11 /* SmartFilterRowView.swift in Sources */ = {isa = PBXBuildFile; fileRef = BFA93A242E6A299A00E42E11 /* SmartFilterRowView.swift */; };
		BFA93A3D2E6A299A00E42E11 /* Tag-CoreDataHelpers.swift in Sources */ = {isa = PBXBuildFile; fileRef = BFA93A252E6A299A00E42E11 /* Tag-CoreDataHelpers.swift */; };
		BFA93A3E2E6A299A00E42E11 /* TagsMenuView.swift in Sources */ = {isa = PBXBuildFile; fileRef = BFA93A262E6A299A00E42E11 /* TagsMenuView.swift */; };
		BFA93A3F2E6A299A00E42E11 /* UltimatePortfolioAHApp.swift in Sources */ = {isa = PBXBuildFile; fileRef = BFA93A282E6A299A00E42E11 /* UltimatePortfolioAHApp.swift */; };
		BFA93A402E6A299A00E42E11 /* UserFilterRowView.swift in Sources */ = {isa = PBXBuildFile; fileRef = BFA93A292E6A299A00E42E11 /* UserFilterRowView.swift */; };
		BFA93A412E6A299A00E42E11 /* Assets.xcassets in Resources */ = {isa = PBXBuildFile; fileRef = BFA93A092E6A299A00E42E11 /* Assets.xcassets */; };
		BFA93A422E6A299A00E42E11 /* Awards.json in Resources */ = {isa = PBXBuildFile; fileRef = BFA93A0D2E6A299A00E42E11 /* Awards.json */; };
		BFA93A432E6A299A00E42E11 /* Colors.xcassets in Resources */ = {isa = PBXBuildFile; fileRef = BFA93A102E6A299A00E42E11 /* Colors.xcassets */; };
		BFA93A442E6A299A00E42E11 /* Localizable.strings in Resources */ = {isa = PBXBuildFile; fileRef = BFA93A1C2E6A299A00E42E11 /* Localizable.strings */; };
		BFA93A452E6A299A00E42E11 /* Localizable.stringsdict in Resources */ = {isa = PBXBuildFile; fileRef = BFA93A1F2E6A299A00E42E11 /* Localizable.stringsdict */; };
		BFAF8C212E81CE3100D04DAC /* DataController-StoreKit.swift in Sources */ = {isa = PBXBuildFile; fileRef = BFAF8C202E81CE3100D04DAC /* DataController-StoreKit.swift */; };
		BFAF8C262E81D5F700D04DAC /* StoreView.swift in Sources */ = {isa = PBXBuildFile; fileRef = BFAF8C252E81D5F700D04DAC /* StoreView.swift */; };
		BFB727162E7311D5001ADD30 /* SideBarViewModel.swift in Sources */ = {isa = PBXBuildFile; fileRef = BFB727152E7311D5001ADD30 /* SideBarViewModel.swift */; };
		BFB727182E731D4E001ADD30 /* ContentViewModel.swift in Sources */ = {isa = PBXBuildFile; fileRef = BFB727172E731D36001ADD30 /* ContentViewModel.swift */; };
		BFB7271A2E731F19001ADD30 /* IssueRowViewModel.swift in Sources */ = {isa = PBXBuildFile; fileRef = BFB727192E731F19001ADD30 /* IssueRowViewModel.swift */; };
/* End PBXBuildFile section */

/* Begin PBXContainerItemProxy section */
		BF0353202E8DB0090009DF08 /* PBXContainerItemProxy */ = {
			isa = PBXContainerItemProxy;
			containerPortal = BF7911B42E53B517000545C6 /* Project object */;
			proxyType = 1;
			remoteGlobalIDString = BF0353142E8DB0070009DF08;
			remoteInfo = PortfolioWidgetMacExtension;
		};
		BF04580A2E6B3203006A77E8 /* PBXContainerItemProxy */ = {
			isa = PBXContainerItemProxy;
			containerPortal = BF7911B42E53B517000545C6 /* Project object */;
			proxyType = 1;
			remoteGlobalIDString = BF7911BB2E53B517000545C6;
			remoteInfo = UltimatePortfolio_AH;
		};
		BF884CC22E71E4F50028CF6B /* PBXContainerItemProxy */ = {
			isa = PBXContainerItemProxy;
			containerPortal = BF7911B42E53B517000545C6 /* Project object */;
			proxyType = 1;
			remoteGlobalIDString = BF7911BB2E53B517000545C6;
			remoteInfo = UltimatePortfolio_AH;
		};
		BF8FE6D32E8AEE95004666AF /* PBXContainerItemProxy */ = {
			isa = PBXContainerItemProxy;
			containerPortal = BF7911B42E53B517000545C6 /* Project object */;
			proxyType = 1;
			remoteGlobalIDString = BF8FE6C42E8AEE93004666AF;
			remoteInfo = PortfolioWidgetExtension;
		};
/* End PBXContainerItemProxy section */

/* Begin PBXCopyFilesBuildPhase section */
		BF8FE6D62E8AEE95004666AF /* Embed Foundation Extensions */ = {
			isa = PBXCopyFilesBuildPhase;
			buildActionMask = 2147483647;
			dstPath = "";
			dstSubfolderSpec = 13;
			files = (
				BF8FE6D52E8AEE95004666AF /* PortfolioWidgetExtension.appex in Embed Foundation Extensions */,
				BF0353222E8DB0090009DF08 /* PortfolioWidgetMacExtension.appex in Embed Foundation Extensions */,
			);
			name = "Embed Foundation Extensions";
			runOnlyForDeploymentPostprocessing = 0;
		};
/* End PBXCopyFilesBuildPhase section */

/* Begin PBXFileReference section */
		BF03530F2E8D8A4A0009DF08 /* InlineNavigationBar.swift */ = {isa = PBXFileReference; lastKnownFileType = sourcecode.swift; path = InlineNavigationBar.swift; sourceTree = "<group>"; };
		BF0353152E8DB0070009DF08 /* PortfolioWidgetMacExtension.appex */ = {isa = PBXFileReference; explicitFileType = "wrapper.app-extension"; includeInIndex = 0; path = PortfolioWidgetMacExtension.appex; sourceTree = BUILT_PRODUCTS_DIR; };
		BF0353302E8DC0620009DF08 /* PortfolioWidgetMacExtensionDebug.entitlements */ = {isa = PBXFileReference; lastKnownFileType = text.plist.entitlements; path = PortfolioWidgetMacExtensionDebug.entitlements; sourceTree = "<group>"; };
		BF0353322E8DC5340009DF08 /* MacFrame.swift */ = {isa = PBXFileReference; lastKnownFileType = sourcecode.swift; path = MacFrame.swift; sourceTree = "<group>"; };
		BF0353342E8DC8AB0009DF08 /* Credits.rtf */ = {isa = PBXFileReference; lastKnownFileType = text.rtf; path = Credits.rtf; sourceTree = "<group>"; };
		BF0458062E6B3203006A77E8 /* UltimatePortfolio_AHTests.xctest */ = {isa = PBXFileReference; explicitFileType = wrapper.cfbundle; includeInIndex = 0; path = UltimatePortfolio_AHTests.xctest; sourceTree = BUILT_PRODUCTS_DIR; };
		BF04580F2E6B3301006A77E8 /* UltimatePortfolio_AH.xctestplan */ = {isa = PBXFileReference; lastKnownFileType = text; name = UltimatePortfolio_AH.xctestplan; path = UltimatePortfolio_AHTests/UltimatePortfolio_AH.xctestplan; sourceTree = "<group>"; };
		BF06258A2E70AF3E006C6214 /* PerformanceTests.swift */ = {isa = PBXFileReference; lastKnownFileType = sourcecode.swift; path = PerformanceTests.swift; sourceTree = "<group>"; };
		BF1EAC872E79DAAA00E32B49 /* DataController-Notifications.swift */ = {isa = PBXFileReference; lastKnownFileType = sourcecode.swift; path = "DataController-Notifications.swift"; sourceTree = "<group>"; };
		BF3244602E84756E0004AE3C /* AppDelegate.swift */ = {isa = PBXFileReference; lastKnownFileType = sourcecode.swift; path = AppDelegate.swift; sourceTree = "<group>"; };
		BF3244622E8475780004AE3C /* SceneDelegate.swift */ = {isa = PBXFileReference; lastKnownFileType = sourcecode.swift; path = SceneDelegate.swift; sourceTree = "<group>"; };
		BF5D5F5C2E6F5FE0004131DC /* AssetTests.swift */ = {isa = PBXFileReference; lastKnownFileType = sourcecode.swift; path = AssetTests.swift; sourceTree = "<group>"; };
		BF5D5F5D2E6F5FE0004131DC /* AwardsTest.swift */ = {isa = PBXFileReference; lastKnownFileType = sourcecode.swift; path = AwardsTest.swift; sourceTree = "<group>"; };
		BF5D5F5E2E6F5FE0004131DC /* DevelopmentTests.swift */ = {isa = PBXFileReference; lastKnownFileType = sourcecode.swift; path = DevelopmentTests.swift; sourceTree = "<group>"; };
		BF5D5F5F2E6F5FE0004131DC /* ExtensionTests.swift */ = {isa = PBXFileReference; lastKnownFileType = sourcecode.swift; path = ExtensionTests.swift; sourceTree = "<group>"; };
		BF5D5F602E6F5FE0004131DC /* TagTests.swift */ = {isa = PBXFileReference; lastKnownFileType = sourcecode.swift; path = TagTests.swift; sourceTree = "<group>"; };
		BF5D5F612E6F5FE0004131DC /* UltimatePortfolio_AH.xctestplan */ = {isa = PBXFileReference; lastKnownFileType = text; path = UltimatePortfolio_AH.xctestplan; sourceTree = "<group>"; };
		BF5D5F622E6F5FE0004131DC /* UltimatePortfolio_AHTests.swift */ = {isa = PBXFileReference; lastKnownFileType = sourcecode.swift; path = UltimatePortfolio_AHTests.swift; sourceTree = "<group>"; };
		BF5D5F6C2E6F600B004131DC /* DecodableDictionary.json */ = {isa = PBXFileReference; lastKnownFileType = text.json; path = DecodableDictionary.json; sourceTree = "<group>"; };
		BF5D5F6E2E6F6030004131DC /* DecodableString.json */ = {isa = PBXFileReference; lastKnownFileType = text.json; path = DecodableString.json; sourceTree = "<group>"; };
		BF7911BC2E53B517000545C6 /* UltimatePortfolio_AH.app */ = {isa = PBXFileReference; explicitFileType = wrapper.application; includeInIndex = 0; path = UltimatePortfolio_AH.app; sourceTree = BUILT_PRODUCTS_DIR; };
		BF884CBC2E71E4F50028CF6B /* UltimatePortfolio_AHUITests.xctest */ = {isa = PBXFileReference; explicitFileType = wrapper.cfbundle; includeInIndex = 0; path = UltimatePortfolio_AHUITests.xctest; sourceTree = BUILT_PRODUCTS_DIR; };
		BF884CCB2E7209850028CF6B /* UltimatePortfolio_AHUITests.xctestplan */ = {isa = PBXFileReference; lastKnownFileType = text; name = UltimatePortfolio_AHUITests.xctestplan; path = UltimatePortfolio_AHUITests/UltimatePortfolio_AHUITests.xctestplan; sourceTree = "<group>"; };
		BF8FE6C52E8AEE93004666AF /* PortfolioWidgetExtension.appex */ = {isa = PBXFileReference; explicitFileType = "wrapper.app-extension"; includeInIndex = 0; path = PortfolioWidgetExtension.appex; sourceTree = BUILT_PRODUCTS_DIR; };
		BF8FE6C72E8AEE93004666AF /* WidgetKit.framework */ = {isa = PBXFileReference; lastKnownFileType = wrapper.framework; name = WidgetKit.framework; path = System/Library/Frameworks/WidgetKit.framework; sourceTree = SDKROOT; };
		BF8FE6C92E8AEE93004666AF /* SwiftUI.framework */ = {isa = PBXFileReference; lastKnownFileType = wrapper.framework; name = SwiftUI.framework; path = System/Library/Frameworks/SwiftUI.framework; sourceTree = SDKROOT; };
		BF8FE6E32E8AF1E4004666AF /* DataController-Awards.swift */ = {isa = PBXFileReference; lastKnownFileType = sourcecode.swift; path = "DataController-Awards.swift"; sourceTree = "<group>"; };
		BF8FE6E52E8AF363004666AF /* PortfolioWidgetExtensionDebug.entitlements */ = {isa = PBXFileReference; lastKnownFileType = text.plist.entitlements; path = PortfolioWidgetExtensionDebug.entitlements; sourceTree = "<group>"; };
		BFA93A092E6A299A00E42E11 /* Assets.xcassets */ = {isa = PBXFileReference; lastKnownFileType = folder.assetcatalog; path = Assets.xcassets; sourceTree = "<group>"; };
		BFA93A0A2E6A299A00E42E11 /* Award.swift */ = {isa = PBXFileReference; lastKnownFileType = sourcecode.swift; path = Award.swift; sourceTree = "<group>"; };
		BFA93A0B2E6A299A00E42E11 /* en */ = {isa = PBXFileReference; lastKnownFileType = text.json; name = en; path = en.lproj/Awards.json; sourceTree = "<group>"; };
		BFA93A0C2E6A299A00E42E11 /* hu */ = {isa = PBXFileReference; lastKnownFileType = text.json; name = hu; path = hu.lproj/Awards.json; sourceTree = "<group>"; };
		BFA93A0E2E6A299A00E42E11 /* AwardView.swift */ = {isa = PBXFileReference; lastKnownFileType = sourcecode.swift; path = AwardView.swift; sourceTree = "<group>"; };
		BFA93A0F2E6A299A00E42E11 /* Bundle-Decodable.swift */ = {isa = PBXFileReference; lastKnownFileType = sourcecode.swift; path = "Bundle-Decodable.swift"; sourceTree = "<group>"; };
		BFA93A102E6A299A00E42E11 /* Colors.xcassets */ = {isa = PBXFileReference; lastKnownFileType = folder.assetcatalog; path = Colors.xcassets; sourceTree = "<group>"; };
		BFA93A112E6A299A00E42E11 /* ContentView.swift */ = {isa = PBXFileReference; lastKnownFileType = sourcecode.swift; path = ContentView.swift; sourceTree = "<group>"; };
		BFA93A122E6A299A00E42E11 /* ContentViewToolbar.swift */ = {isa = PBXFileReference; lastKnownFileType = sourcecode.swift; path = ContentViewToolbar.swift; sourceTree = "<group>"; };
		BFA93A132E6A299A00E42E11 /* DataController.swift */ = {isa = PBXFileReference; lastKnownFileType = sourcecode.swift; path = DataController.swift; sourceTree = "<group>"; };
		BFA93A142E6A299A00E42E11 /* DetailView.swift */ = {isa = PBXFileReference; lastKnownFileType = sourcecode.swift; path = DetailView.swift; sourceTree = "<group>"; };
		BFA93A152E6A299A00E42E11 /* Filter.swift */ = {isa = PBXFileReference; lastKnownFileType = sourcecode.swift; path = Filter.swift; sourceTree = "<group>"; };
		BFA93A162E6A299A00E42E11 /* Issue-CoreDataHelpers.swift */ = {isa = PBXFileReference; lastKnownFileType = sourcecode.swift; path = "Issue-CoreDataHelpers.swift"; sourceTree = "<group>"; };
		BFA93A172E6A299A00E42E11 /* IssueRowView.swift */ = {isa = PBXFileReference; lastKnownFileType = sourcecode.swift; path = IssueRowView.swift; sourceTree = "<group>"; };
		BFA93A182E6A299A00E42E11 /* IssueView.swift */ = {isa = PBXFileReference; lastKnownFileType = sourcecode.swift; path = IssueView.swift; sourceTree = "<group>"; };
		BFA93A192E6A299A00E42E11 /* IssueViewToolbar.swift */ = {isa = PBXFileReference; lastKnownFileType = sourcecode.swift; path = IssueViewToolbar.swift; sourceTree = "<group>"; };
		BFA93A1A2E6A299A00E42E11 /* en */ = {isa = PBXFileReference; lastKnownFileType = text.plist.strings; name = en; path = en.lproj/Localizable.strings; sourceTree = "<group>"; };
		BFA93A1B2E6A299A00E42E11 /* hu */ = {isa = PBXFileReference; lastKnownFileType = text.plist.strings; name = hu; path = hu.lproj/Localizable.strings; sourceTree = "<group>"; };
		BFA93A1D2E6A299A00E42E11 /* en */ = {isa = PBXFileReference; lastKnownFileType = text.plist.stringsdict; name = en; path = en.lproj/Localizable.stringsdict; sourceTree = "<group>"; };
		BFA93A1E2E6A299A00E42E11 /* hu */ = {isa = PBXFileReference; lastKnownFileType = text.plist.stringsdict; name = hu; path = hu.lproj/Localizable.stringsdict; sourceTree = "<group>"; };
		BFA93A212E6A299A00E42E11 /* NoIssueView.swift */ = {isa = PBXFileReference; lastKnownFileType = sourcecode.swift; path = NoIssueView.swift; sourceTree = "<group>"; };
		BFA93A222E6A299A00E42E11 /* SidebarView.swift */ = {isa = PBXFileReference; lastKnownFileType = sourcecode.swift; path = SidebarView.swift; sourceTree = "<group>"; };
		BFA93A232E6A299A00E42E11 /* SideBarViewToolbar.swift */ = {isa = PBXFileReference; lastKnownFileType = sourcecode.swift; path = SideBarViewToolbar.swift; sourceTree = "<group>"; };
		BFA93A242E6A299A00E42E11 /* SmartFilterRowView.swift */ = {isa = PBXFileReference; lastKnownFileType = sourcecode.swift; path = SmartFilterRowView.swift; sourceTree = "<group>"; };
		BFA93A252E6A299A00E42E11 /* Tag-CoreDataHelpers.swift */ = {isa = PBXFileReference; lastKnownFileType = sourcecode.swift; path = "Tag-CoreDataHelpers.swift"; sourceTree = "<group>"; };
		BFA93A262E6A299A00E42E11 /* TagsMenuView.swift */ = {isa = PBXFileReference; lastKnownFileType = sourcecode.swift; path = TagsMenuView.swift; sourceTree = "<group>"; };
		BFA93A272E6A299A00E42E11 /* UltimatePortfolio_AHDebug.entitlements */ = {isa = PBXFileReference; lastKnownFileType = text.plist.entitlements; path = UltimatePortfolio_AHDebug.entitlements; sourceTree = "<group>"; };
		BFA93A282E6A299A00E42E11 /* UltimatePortfolioAHApp.swift */ = {isa = PBXFileReference; lastKnownFileType = sourcecode.swift; path = UltimatePortfolioAHApp.swift; sourceTree = "<group>"; };
		BFA93A292E6A299A00E42E11 /* UserFilterRowView.swift */ = {isa = PBXFileReference; lastKnownFileType = sourcecode.swift; path = UserFilterRowView.swift; sourceTree = "<group>"; };
		BFA93A2B2E6A299A00E42E11 /* Main.xcdatamodel */ = {isa = PBXFileReference; lastKnownFileType = wrapper.xcdatamodel; path = Main.xcdatamodel; sourceTree = "<group>"; };
		BFAF8C1F2E81CBC600D04DAC /* Configuration.storekit */ = {isa = PBXFileReference; lastKnownFileType = text; path = Configuration.storekit; sourceTree = "<group>"; };
		BFAF8C202E81CE3100D04DAC /* DataController-StoreKit.swift */ = {isa = PBXFileReference; lastKnownFileType = sourcecode.swift; path = "DataController-StoreKit.swift"; sourceTree = "<group>"; };
		BFAF8C252E81D5F700D04DAC /* StoreView.swift */ = {isa = PBXFileReference; lastKnownFileType = sourcecode.swift; path = StoreView.swift; sourceTree = "<group>"; };
		BFB727152E7311D5001ADD30 /* SideBarViewModel.swift */ = {isa = PBXFileReference; lastKnownFileType = sourcecode.swift; path = SideBarViewModel.swift; sourceTree = "<group>"; };
		BFB727172E731D36001ADD30 /* ContentViewModel.swift */ = {isa = PBXFileReference; lastKnownFileType = sourcecode.swift; path = ContentViewModel.swift; sourceTree = "<group>"; };
		BFB727192E731F19001ADD30 /* IssueRowViewModel.swift */ = {isa = PBXFileReference; lastKnownFileType = sourcecode.swift; path = IssueRowViewModel.swift; sourceTree = "<group>"; };
/* End PBXFileReference section */

/* Begin PBXFileSystemSynchronizedBuildFileExceptionSet section */
		BF0353232E8DB0090009DF08 /* Exceptions for "PortfolioWidgetMac" folder in "PortfolioWidgetMacExtension" target */ = {
			isa = PBXFileSystemSynchronizedBuildFileExceptionSet;
			membershipExceptions = (
				Info.plist,
			);
			target = BF0353142E8DB0070009DF08 /* PortfolioWidgetMacExtension */;
		};
		BF03532E2E8DC02C0009DF08 /* Exceptions for "PortfolioWidget" folder in "PortfolioWidgetMacExtension" target */ = {
			isa = PBXFileSystemSynchronizedBuildFileExceptionSet;
			membershipExceptions = (
				ComplexPortfolioWidget.swift,
				PortfolioWidgetBundle.swift,
				SimplePortfolioWidget.swift,
			);
			target = BF0353142E8DB0070009DF08 /* PortfolioWidgetMacExtension */;
		};
		BF8FE6D92E8AEE95004666AF /* Exceptions for "PortfolioWidget" folder in "PortfolioWidgetExtension" target */ = {
			isa = PBXFileSystemSynchronizedBuildFileExceptionSet;
			membershipExceptions = (
				Info.plist,
			);
			target = BF8FE6C42E8AEE93004666AF /* PortfolioWidgetExtension */;
		};
/* End PBXFileSystemSynchronizedBuildFileExceptionSet section */

/* Begin PBXFileSystemSynchronizedRootGroup section */
		BF0353182E8DB0070009DF08 /* PortfolioWidgetMac */ = {
			isa = PBXFileSystemSynchronizedRootGroup;
			exceptions = (
				BF0353232E8DB0090009DF08 /* Exceptions for "PortfolioWidgetMac" folder in "PortfolioWidgetMacExtension" target */,
			);
			path = PortfolioWidgetMac;
			sourceTree = "<group>";
		};
		BF884CBD2E71E4F50028CF6B /* UltimatePortfolio_AHUITests */ = {
			isa = PBXFileSystemSynchronizedRootGroup;
			path = UltimatePortfolio_AHUITests;
			sourceTree = "<group>";
		};
		BF8FE6CB2E8AEE93004666AF /* PortfolioWidget */ = {
			isa = PBXFileSystemSynchronizedRootGroup;
			exceptions = (
				BF8FE6D92E8AEE95004666AF /* Exceptions for "PortfolioWidget" folder in "PortfolioWidgetExtension" target */,
				BF03532E2E8DC02C0009DF08 /* Exceptions for "PortfolioWidget" folder in "PortfolioWidgetMacExtension" target */,
			);
			path = PortfolioWidget;
			sourceTree = "<group>";
		};
/* End PBXFileSystemSynchronizedRootGroup section */

/* Begin PBXFrameworksBuildPhase section */
		BF0353122E8DB0070009DF08 /* Frameworks */ = {
			isa = PBXFrameworksBuildPhase;
			buildActionMask = 2147483647;
			files = (
				BF0353172E8DB0070009DF08 /* SwiftUI.framework in Frameworks */,
				BF0353162E8DB0070009DF08 /* WidgetKit.framework in Frameworks */,
			);
			runOnlyForDeploymentPostprocessing = 0;
		};
		BF0458032E6B3203006A77E8 /* Frameworks */ = {
			isa = PBXFrameworksBuildPhase;
			buildActionMask = 2147483647;
			files = (
			);
			runOnlyForDeploymentPostprocessing = 0;
		};
		BF7911B92E53B517000545C6 /* Frameworks */ = {
			isa = PBXFrameworksBuildPhase;
			buildActionMask = 2147483647;
			files = (
			);
			runOnlyForDeploymentPostprocessing = 0;
		};
		BF884CB92E71E4F50028CF6B /* Frameworks */ = {
			isa = PBXFrameworksBuildPhase;
			buildActionMask = 2147483647;
			files = (
			);
			runOnlyForDeploymentPostprocessing = 0;
		};
		BF8FE6C22E8AEE93004666AF /* Frameworks */ = {
			isa = PBXFrameworksBuildPhase;
			buildActionMask = 2147483647;
			files = (
				BF8FE6CA2E8AEE93004666AF /* SwiftUI.framework in Frameworks */,
				BF8FE6C82E8AEE93004666AF /* WidgetKit.framework in Frameworks */,
			);
			runOnlyForDeploymentPostprocessing = 0;
		};
/* End PBXFrameworksBuildPhase section */

/* Begin PBXGroup section */
		BF03530E2E8D8A2F0009DF08 /* PlatformAdjunstments */ = {
			isa = PBXGroup;
			children = (
				BF03530F2E8D8A4A0009DF08 /* InlineNavigationBar.swift */,
				BF0353322E8DC5340009DF08 /* MacFrame.swift */,
			);
			path = PlatformAdjunstments;
			sourceTree = "<group>";
		};
		BF5D5F632E6F5FE0004131DC /* UltimatePortfolio_AHTests */ = {
			isa = PBXGroup;
			children = (
				BF5D5F6B2E6F5FE2004131DC /* Fixtures */,
				BF5D5F5C2E6F5FE0004131DC /* AssetTests.swift */,
				BF5D5F5D2E6F5FE0004131DC /* AwardsTest.swift */,
				BF5D5F5E2E6F5FE0004131DC /* DevelopmentTests.swift */,
				BF5D5F5F2E6F5FE0004131DC /* ExtensionTests.swift */,
				BF06258A2E70AF3E006C6214 /* PerformanceTests.swift */,
				BF5D5F602E6F5FE0004131DC /* TagTests.swift */,
				BF5D5F612E6F5FE0004131DC /* UltimatePortfolio_AH.xctestplan */,
				BF5D5F622E6F5FE0004131DC /* UltimatePortfolio_AHTests.swift */,
			);
			path = UltimatePortfolio_AHTests;
			sourceTree = "<group>";
		};
		BF5D5F6B2E6F5FE2004131DC /* Fixtures */ = {
			isa = PBXGroup;
			children = (
				BF5D5F6C2E6F600B004131DC /* DecodableDictionary.json */,
				BF5D5F6E2E6F6030004131DC /* DecodableString.json */,
			);
			path = Fixtures;
			sourceTree = "<group>";
		};
		BF7911B32E53B517000545C6 = {
			isa = PBXGroup;
			children = (
				BF0353302E8DC0620009DF08 /* PortfolioWidgetMacExtensionDebug.entitlements */,
				BF8FE6E52E8AF363004666AF /* PortfolioWidgetExtensionDebug.entitlements */,
				BF884CCB2E7209850028CF6B /* UltimatePortfolio_AHUITests.xctestplan */,
				BF04580F2E6B3301006A77E8 /* UltimatePortfolio_AH.xctestplan */,
				BFA93A2A2E6A299A00E42E11 /* UltimatePortfolio_AH */,
				BF5D5F632E6F5FE0004131DC /* UltimatePortfolio_AHTests */,
				BF884CBD2E71E4F50028CF6B /* UltimatePortfolio_AHUITests */,
				BF8FE6CB2E8AEE93004666AF /* PortfolioWidget */,
				BF0353182E8DB0070009DF08 /* PortfolioWidgetMac */,
				BF8FE6C62E8AEE93004666AF /* Frameworks */,
				BF7911BD2E53B517000545C6 /* Products */,
			);
			sourceTree = "<group>";
		};
		BF7911BD2E53B517000545C6 /* Products */ = {
			isa = PBXGroup;
			children = (
				BF7911BC2E53B517000545C6 /* UltimatePortfolio_AH.app */,
				BF0458062E6B3203006A77E8 /* UltimatePortfolio_AHTests.xctest */,
				BF884CBC2E71E4F50028CF6B /* UltimatePortfolio_AHUITests.xctest */,
				BF8FE6C52E8AEE93004666AF /* PortfolioWidgetExtension.appex */,
				BF0353152E8DB0070009DF08 /* PortfolioWidgetMacExtension.appex */,
			);
			name = Products;
			sourceTree = "<group>";
		};
		BF8FE6C62E8AEE93004666AF /* Frameworks */ = {
			isa = PBXGroup;
			children = (
				BF8FE6C72E8AEE93004666AF /* WidgetKit.framework */,
				BF8FE6C92E8AEE93004666AF /* SwiftUI.framework */,
			);
			name = Frameworks;
			sourceTree = "<group>";
		};
		BFA93A2A2E6A299A00E42E11 /* UltimatePortfolio_AH */ = {
			isa = PBXGroup;
			children = (
				BF03530E2E8D8A2F0009DF08 /* PlatformAdjunstments */,
				BFAF8C222E81D5CD00D04DAC /* Store */,
				BFA93A4C2E6A2CCE00E42E11 /* Filters */,
				BFA93A4D2E6A2CE100E42E11 /* Issues */,
				BFA93A4E2E6A2CE600E42E11 /* Editing */,
				BFA93A4F2E6A2CF100E42E11 /* Awards */,
				BFA93A4B2E6A2AC400E42E11 /* Configuration */,
				BFA93A462E6A29B800E42E11 /* Models */,
				BFA93A092E6A299A00E42E11 /* Assets.xcassets */,
				BFA93A492E6A2A8700E42E11 /* Extensions */,
				BFA93A102E6A299A00E42E11 /* Colors.xcassets */,
				BFA93A4A2E6A2A9F00E42E11 /* Localization */,
				BFA93A282E6A299A00E42E11 /* UltimatePortfolioAHApp.swift */,
				BFA93A132E6A299A00E42E11 /* DataController.swift */,
				BF8FE6E32E8AF1E4004666AF /* DataController-Awards.swift */,
				BF3244602E84756E0004AE3C /* AppDelegate.swift */,
				BF3244622E8475780004AE3C /* SceneDelegate.swift */,
				BF1EAC872E79DAAA00E32B49 /* DataController-Notifications.swift */,
				BFAF8C202E81CE3100D04DAC /* DataController-StoreKit.swift */,
				BF0353342E8DC8AB0009DF08 /* Credits.rtf */,
			);
			path = UltimatePortfolio_AH;
			sourceTree = "<group>";
		};
		BFA93A462E6A29B800E42E11 /* Models */ = {
			isa = PBXGroup;
			children = (
			);
			path = Models;
			sourceTree = "<group>";
		};
		BFA93A492E6A2A8700E42E11 /* Extensions */ = {
			isa = PBXGroup;
			children = (
				BFA93A0F2E6A299A00E42E11 /* Bundle-Decodable.swift */,
				BFA93A252E6A299A00E42E11 /* Tag-CoreDataHelpers.swift */,
				BFA93A162E6A299A00E42E11 /* Issue-CoreDataHelpers.swift */,
			);
			path = Extensions;
			sourceTree = "<group>";
		};
		BFA93A4A2E6A2A9F00E42E11 /* Localization */ = {
			isa = PBXGroup;
			children = (
				BFA93A1C2E6A299A00E42E11 /* Localizable.strings */,
				BFA93A1F2E6A299A00E42E11 /* Localizable.stringsdict */,
			);
			path = Localization;
			sourceTree = "<group>";
		};
		BFA93A4B2E6A2AC400E42E11 /* Configuration */ = {
			isa = PBXGroup;
			children = (
				BFA93A202E6A299A00E42E11 /* Main.xcdatamodeld */,
				BFA93A272E6A299A00E42E11 /* UltimatePortfolio_AHDebug.entitlements */,
				BFAF8C1F2E81CBC600D04DAC /* Configuration.storekit */,
			);
			path = Configuration;
			sourceTree = "<group>";
		};
		BFA93A4C2E6A2CCE00E42E11 /* Filters */ = {
			isa = PBXGroup;
			children = (
				BFA93A222E6A299A00E42E11 /* SidebarView.swift */,
				BFB727152E7311D5001ADD30 /* SideBarViewModel.swift */,
				BFA93A152E6A299A00E42E11 /* Filter.swift */,
				BFA93A232E6A299A00E42E11 /* SideBarViewToolbar.swift */,
				BFA93A242E6A299A00E42E11 /* SmartFilterRowView.swift */,
				BFA93A292E6A299A00E42E11 /* UserFilterRowView.swift */,
			);
			path = Filters;
			sourceTree = "<group>";
		};
		BFA93A4D2E6A2CE100E42E11 /* Issues */ = {
			isa = PBXGroup;
			children = (
				BFB727172E731D36001ADD30 /* ContentViewModel.swift */,
				BFA93A112E6A299A00E42E11 /* ContentView.swift */,
				BFA93A122E6A299A00E42E11 /* ContentViewToolbar.swift */,
				BFA93A172E6A299A00E42E11 /* IssueRowView.swift */,
				BFB727192E731F19001ADD30 /* IssueRowViewModel.swift */,
			);
			path = Issues;
			sourceTree = "<group>";
		};
		BFA93A4E2E6A2CE600E42E11 /* Editing */ = {
			isa = PBXGroup;
			children = (
				BFA93A142E6A299A00E42E11 /* DetailView.swift */,
				BFA93A182E6A299A00E42E11 /* IssueView.swift */,
				BFA93A192E6A299A00E42E11 /* IssueViewToolbar.swift */,
				BFA93A262E6A299A00E42E11 /* TagsMenuView.swift */,
				BFA93A212E6A299A00E42E11 /* NoIssueView.swift */,
			);
			path = Editing;
			sourceTree = "<group>";
		};
		BFA93A4F2E6A2CF100E42E11 /* Awards */ = {
			isa = PBXGroup;
			children = (
				BFA93A0A2E6A299A00E42E11 /* Award.swift */,
				BFA93A0E2E6A299A00E42E11 /* AwardView.swift */,
				BFA93A0D2E6A299A00E42E11 /* Awards.json */,
			);
			path = Awards;
			sourceTree = "<group>";
		};
		BFAF8C222E81D5CD00D04DAC /* Store */ = {
			isa = PBXGroup;
			children = (
				BFAF8C252E81D5F700D04DAC /* StoreView.swift */,
			);
			path = Store;
			sourceTree = "<group>";
		};
/* End PBXGroup section */

/* Begin PBXNativeTarget section */
		BF0353142E8DB0070009DF08 /* PortfolioWidgetMacExtension */ = {
			isa = PBXNativeTarget;
			buildConfigurationList = BF0353242E8DB0090009DF08 /* Build configuration list for PBXNativeTarget "PortfolioWidgetMacExtension" */;
			buildPhases = (
				BF0353112E8DB0070009DF08 /* Sources */,
				BF0353122E8DB0070009DF08 /* Frameworks */,
				BF0353132E8DB0070009DF08 /* Resources */,
			);
			buildRules = (
			);
			dependencies = (
			);
			fileSystemSynchronizedGroups = (
				BF0353182E8DB0070009DF08 /* PortfolioWidgetMac */,
			);
			name = PortfolioWidgetMacExtension;
			packageProductDependencies = (
			);
			productName = PortfolioWidgetMacExtension;
			productReference = BF0353152E8DB0070009DF08 /* PortfolioWidgetMacExtension.appex */;
			productType = "com.apple.product-type.app-extension";
		};
		BF0458052E6B3203006A77E8 /* UltimatePortfolio_AHTests */ = {
			isa = PBXNativeTarget;
			buildConfigurationList = BF04580C2E6B3203006A77E8 /* Build configuration list for PBXNativeTarget "UltimatePortfolio_AHTests" */;
			buildPhases = (
				BF0458022E6B3203006A77E8 /* Sources */,
				BF0458032E6B3203006A77E8 /* Frameworks */,
				BF0458042E6B3203006A77E8 /* Resources */,
			);
			buildRules = (
			);
			dependencies = (
				BF04580B2E6B3203006A77E8 /* PBXTargetDependency */,
			);
			name = UltimatePortfolio_AHTests;
			packageProductDependencies = (
			);
			productName = UltimatePortfolio_AHTests;
			productReference = BF0458062E6B3203006A77E8 /* UltimatePortfolio_AHTests.xctest */;
			productType = "com.apple.product-type.bundle.unit-test";
		};
		BF7911BB2E53B517000545C6 /* UltimatePortfolio_AH */ = {
			isa = PBXNativeTarget;
			buildConfigurationList = BF7911C82E53B519000545C6 /* Build configuration list for PBXNativeTarget "UltimatePortfolio_AH" */;
			buildPhases = (
				BF7911B82E53B517000545C6 /* Sources */,
				BF7911B92E53B517000545C6 /* Frameworks */,
				BF7911BA2E53B517000545C6 /* Resources */,
				BF8FE6D62E8AEE95004666AF /* Embed Foundation Extensions */,
			);
			buildRules = (
			);
			dependencies = (
				BF8FE6D42E8AEE95004666AF /* PBXTargetDependency */,
				BF0353212E8DB0090009DF08 /* PBXTargetDependency */,
			);
			name = UltimatePortfolio_AH;
			packageProductDependencies = (
			);
			productName = UltimatePortfolio_AH;
			productReference = BF7911BC2E53B517000545C6 /* UltimatePortfolio_AH.app */;
			productType = "com.apple.product-type.application";
		};
		BF884CBB2E71E4F50028CF6B /* UltimatePortfolio_AHUITests */ = {
			isa = PBXNativeTarget;
			buildConfigurationList = BF884CC62E71E4F50028CF6B /* Build configuration list for PBXNativeTarget "UltimatePortfolio_AHUITests" */;
			buildPhases = (
				BF884CB82E71E4F50028CF6B /* Sources */,
				BF884CB92E71E4F50028CF6B /* Frameworks */,
				BF884CBA2E71E4F50028CF6B /* Resources */,
			);
			buildRules = (
			);
			dependencies = (
				BF884CC32E71E4F50028CF6B /* PBXTargetDependency */,
			);
			fileSystemSynchronizedGroups = (
				BF884CBD2E71E4F50028CF6B /* UltimatePortfolio_AHUITests */,
			);
			name = UltimatePortfolio_AHUITests;
			packageProductDependencies = (
			);
			productName = UltimatePortfolio_AHUITests;
			productReference = BF884CBC2E71E4F50028CF6B /* UltimatePortfolio_AHUITests.xctest */;
			productType = "com.apple.product-type.bundle.ui-testing";
		};
		BF8FE6C42E8AEE93004666AF /* PortfolioWidgetExtension */ = {
			isa = PBXNativeTarget;
			buildConfigurationList = BF8FE6DA2E8AEE95004666AF /* Build configuration list for PBXNativeTarget "PortfolioWidgetExtension" */;
			buildPhases = (
				BF8FE6C12E8AEE93004666AF /* Sources */,
				BF8FE6C22E8AEE93004666AF /* Frameworks */,
				BF8FE6C32E8AEE93004666AF /* Resources */,
			);
			buildRules = (
			);
			dependencies = (
			);
			fileSystemSynchronizedGroups = (
				BF8FE6CB2E8AEE93004666AF /* PortfolioWidget */,
			);
			name = PortfolioWidgetExtension;
			packageProductDependencies = (
			);
			productName = PortfolioWidgetExtension;
			productReference = BF8FE6C52E8AEE93004666AF /* PortfolioWidgetExtension.appex */;
			productType = "com.apple.product-type.app-extension";
		};
/* End PBXNativeTarget section */

/* Begin PBXProject section */
		BF7911B42E53B517000545C6 /* Project object */ = {
			isa = PBXProject;
			attributes = {
				BuildIndependentTargetsInParallel = 1;
				LastSwiftUpdateCheck = 2600;
				LastUpgradeCheck = 1640;
				TargetAttributes = {
					BF0353142E8DB0070009DF08 = {
						CreatedOnToolsVersion = 26.0;
					};
					BF0458052E6B3203006A77E8 = {
						CreatedOnToolsVersion = 16.4;
						TestTargetID = BF7911BB2E53B517000545C6;
					};
					BF7911BB2E53B517000545C6 = {
						CreatedOnToolsVersion = 16.4;
					};
					BF884CBB2E71E4F50028CF6B = {
						CreatedOnToolsVersion = 16.4;
						TestTargetID = BF7911BB2E53B517000545C6;
					};
					BF8FE6C42E8AEE93004666AF = {
						CreatedOnToolsVersion = 26.0;
					};
				};
			};
			buildConfigurationList = BF7911B72E53B517000545C6 /* Build configuration list for PBXProject "UltimatePortfolio_AH" */;
			developmentRegion = en;
			hasScannedForEncodings = 0;
			knownRegions = (
				en,
				Base,
				hu,
			);
			mainGroup = BF7911B32E53B517000545C6;
			minimizedProjectReferenceProxies = 1;
			packageReferences = (
				BFD017232E68C72E00999D51 /* XCRemoteSwiftPackageReference "SwiftLintPlugins" */,
			);
			preferredProjectObjectVersion = 77;
			productRefGroup = BF7911BD2E53B517000545C6 /* Products */;
			projectDirPath = "";
			projectRoot = "";
			targets = (
				BF7911BB2E53B517000545C6 /* UltimatePortfolio_AH */,
				BF0458052E6B3203006A77E8 /* UltimatePortfolio_AHTests */,
				BF884CBB2E71E4F50028CF6B /* UltimatePortfolio_AHUITests */,
				BF8FE6C42E8AEE93004666AF /* PortfolioWidgetExtension */,
				BF0353142E8DB0070009DF08 /* PortfolioWidgetMacExtension */,
			);
		};
/* End PBXProject section */

/* Begin PBXResourcesBuildPhase section */
		BF0353132E8DB0070009DF08 /* Resources */ = {
			isa = PBXResourcesBuildPhase;
			buildActionMask = 2147483647;
			files = (
			);
			runOnlyForDeploymentPostprocessing = 0;
		};
		BF0458042E6B3203006A77E8 /* Resources */ = {
			isa = PBXResourcesBuildPhase;
			buildActionMask = 2147483647;
			files = (
				BF5D5F6F2E6F6030004131DC /* DecodableString.json in Resources */,
				BF5D5F642E6F5FE0004131DC /* UltimatePortfolio_AH.xctestplan in Resources */,
				BF5D5F6D2E6F600B004131DC /* DecodableDictionary.json in Resources */,
			);
			runOnlyForDeploymentPostprocessing = 0;
		};
		BF7911BA2E53B517000545C6 /* Resources */ = {
			isa = PBXResourcesBuildPhase;
			buildActionMask = 2147483647;
			files = (
				BFA93A412E6A299A00E42E11 /* Assets.xcassets in Resources */,
				BF0353352E8DC8AB0009DF08 /* Credits.rtf in Resources */,
				BFA93A422E6A299A00E42E11 /* Awards.json in Resources */,
				BFA93A432E6A299A00E42E11 /* Colors.xcassets in Resources */,
				BFA93A442E6A299A00E42E11 /* Localizable.strings in Resources */,
				BFA93A452E6A299A00E42E11 /* Localizable.stringsdict in Resources */,
			);
			runOnlyForDeploymentPostprocessing = 0;
		};
		BF884CBA2E71E4F50028CF6B /* Resources */ = {
			isa = PBXResourcesBuildPhase;
			buildActionMask = 2147483647;
			files = (
			);
			runOnlyForDeploymentPostprocessing = 0;
		};
		BF8FE6C32E8AEE93004666AF /* Resources */ = {
			isa = PBXResourcesBuildPhase;
			buildActionMask = 2147483647;
			files = (
				BF03530B2E8D72620009DF08 /* Localizable.strings in Resources */,
			);
			runOnlyForDeploymentPostprocessing = 0;
		};
/* End PBXResourcesBuildPhase section */

/* Begin PBXSourcesBuildPhase section */
		BF0353112E8DB0070009DF08 /* Sources */ = {
			isa = PBXSourcesBuildPhase;
			buildActionMask = 2147483647;
			files = (
				BF0353272E8DC02C0009DF08 /* Tag-CoreDataHelpers.swift in Sources */,
				BF03532A2E8DC02C0009DF08 /* Issue-CoreDataHelpers.swift in Sources */,
				BF03532B2E8DC02C0009DF08 /* DataController.swift in Sources */,
				BF03532C2E8DC02C0009DF08 /* DataController-StoreKit.swift in Sources */,
				BF03532F2E8DC0360009DF08 /* Main.xcdatamodeld in Sources */,
				BF0353312E8DC1CB0009DF08 /* Filter.swift in Sources */,
			);
			runOnlyForDeploymentPostprocessing = 0;
		};
		BF0458022E6B3203006A77E8 /* Sources */ = {
			isa = PBXSourcesBuildPhase;
			buildActionMask = 2147483647;
			files = (
				BF06258B2E70AF3E006C6214 /* PerformanceTests.swift in Sources */,
				BF5D5F652E6F5FE0004131DC /* AssetTests.swift in Sources */,
				BF5D5F662E6F5FE0004131DC /* AwardsTest.swift in Sources */,
				BF5D5F672E6F5FE0004131DC /* DevelopmentTests.swift in Sources */,
				BF5D5F682E6F5FE0004131DC /* ExtensionTests.swift in Sources */,
				BF5D5F692E6F5FE0004131DC /* TagTests.swift in Sources */,
				BF5D5F6A2E6F5FE0004131DC /* UltimatePortfolio_AHTests.swift in Sources */,
			);
			runOnlyForDeploymentPostprocessing = 0;
		};
		BF7911B82E53B517000545C6 /* Sources */ = {
			isa = PBXSourcesBuildPhase;
			buildActionMask = 2147483647;
			files = (
				BFA93A2C2E6A299A00E42E11 /* Award.swift in Sources */,
				BFA93A2D2E6A299A00E42E11 /* AwardView.swift in Sources */,
				BFA93A2E2E6A299A00E42E11 /* Bundle-Decodable.swift in Sources */,
				BFA93A2F2E6A299A00E42E11 /* ContentView.swift in Sources */,
				BF3244612E84756E0004AE3C /* AppDelegate.swift in Sources */,
				BF0353332E8DC5340009DF08 /* MacFrame.swift in Sources */,
				BFA93A302E6A299A00E42E11 /* ContentViewToolbar.swift in Sources */,
				BFB727162E7311D5001ADD30 /* SideBarViewModel.swift in Sources */,
				BFAF8C212E81CE3100D04DAC /* DataController-StoreKit.swift in Sources */,
				BF1EAC882E79DAAA00E32B49 /* DataController-Notifications.swift in Sources */,
				BFA93A312E6A299A00E42E11 /* DataController.swift in Sources */,
				BFA93A322E6A299A00E42E11 /* DetailView.swift in Sources */,
				BFA93A332E6A299A00E42E11 /* Filter.swift in Sources */,
				BF3244632E8475780004AE3C /* SceneDelegate.swift in Sources */,
				BFA93A342E6A299A00E42E11 /* Issue-CoreDataHelpers.swift in Sources */,
				BFA93A352E6A299A00E42E11 /* IssueRowView.swift in Sources */,
				BF8FE6E42E8AF1E4004666AF /* DataController-Awards.swift in Sources */,
				BFA93A362E6A299A00E42E11 /* IssueView.swift in Sources */,
				BFB727182E731D4E001ADD30 /* ContentViewModel.swift in Sources */,
				BFA93A372E6A299A00E42E11 /* IssueViewToolbar.swift in Sources */,
				BFA93A382E6A299A00E42E11 /* Main.xcdatamodeld in Sources */,
				BF0353102E8D8A4A0009DF08 /* InlineNavigationBar.swift in Sources */,
				BFA93A392E6A299A00E42E11 /* NoIssueView.swift in Sources */,
				BFA93A3A2E6A299A00E42E11 /* SidebarView.swift in Sources */,
				BFA93A3B2E6A299A00E42E11 /* SideBarViewToolbar.swift in Sources */,
				BFA93A3C2E6A299A00E42E11 /* SmartFilterRowView.swift in Sources */,
				BFA93A3D2E6A299A00E42E11 /* Tag-CoreDataHelpers.swift in Sources */,
				BFA93A3E2E6A299A00E42E11 /* TagsMenuView.swift in Sources */,
				BFA93A3F2E6A299A00E42E11 /* UltimatePortfolioAHApp.swift in Sources */,
				BFA93A402E6A299A00E42E11 /* UserFilterRowView.swift in Sources */,
				BFAF8C262E81D5F700D04DAC /* StoreView.swift in Sources */,
				BFB7271A2E731F19001ADD30 /* IssueRowViewModel.swift in Sources */,
			);
			runOnlyForDeploymentPostprocessing = 0;
		};
		BF884CB82E71E4F50028CF6B /* Sources */ = {
			isa = PBXSourcesBuildPhase;
			buildActionMask = 2147483647;
			files = (
			);
			runOnlyForDeploymentPostprocessing = 0;
		};
		BF8FE6C12E8AEE93004666AF /* Sources */ = {
			isa = PBXSourcesBuildPhase;
			buildActionMask = 2147483647;
			files = (
				BF8FE6DF2E8AF038004666AF /* Filter.swift in Sources */,
				BF8FE6DB2E8AEF92004666AF /* Main.xcdatamodeld in Sources */,
				BF8FE6DE2E8AEFC0004666AF /* DataController.swift in Sources */,
				BF8FE6DC2E8AEFB6004666AF /* Tag-CoreDataHelpers.swift in Sources */,
				BF8FE6E22E8AF079004666AF /* DataController-StoreKit.swift in Sources */,
				BF8FE6DD2E8AEFB6004666AF /* Issue-CoreDataHelpers.swift in Sources */,
			);
			runOnlyForDeploymentPostprocessing = 0;
		};
/* End PBXSourcesBuildPhase section */

/* Begin PBXTargetDependency section */
		BF0353212E8DB0090009DF08 /* PBXTargetDependency */ = {
			isa = PBXTargetDependency;
			platformFilters = (
				macos,
			);
			target = BF0353142E8DB0070009DF08 /* PortfolioWidgetMacExtension */;
			targetProxy = BF0353202E8DB0090009DF08 /* PBXContainerItemProxy */;
		};
		BF04580B2E6B3203006A77E8 /* PBXTargetDependency */ = {
			isa = PBXTargetDependency;
			target = BF7911BB2E53B517000545C6 /* UltimatePortfolio_AH */;
			targetProxy = BF04580A2E6B3203006A77E8 /* PBXContainerItemProxy */;
		};
		BF884CC32E71E4F50028CF6B /* PBXTargetDependency */ = {
			isa = PBXTargetDependency;
			target = BF7911BB2E53B517000545C6 /* UltimatePortfolio_AH */;
			targetProxy = BF884CC22E71E4F50028CF6B /* PBXContainerItemProxy */;
		};
		BF8FE6D42E8AEE95004666AF /* PBXTargetDependency */ = {
			isa = PBXTargetDependency;
			platformFilter = ios;
			target = BF8FE6C42E8AEE93004666AF /* PortfolioWidgetExtension */;
			targetProxy = BF8FE6D32E8AEE95004666AF /* PBXContainerItemProxy */;
		};
/* End PBXTargetDependency section */

/* Begin PBXVariantGroup section */
		BFA93A0D2E6A299A00E42E11 /* Awards.json */ = {
			isa = PBXVariantGroup;
			children = (
				BFA93A0B2E6A299A00E42E11 /* en */,
				BFA93A0C2E6A299A00E42E11 /* hu */,
			);
			name = Awards.json;
			sourceTree = "<group>";
		};
		BFA93A1C2E6A299A00E42E11 /* Localizable.strings */ = {
			isa = PBXVariantGroup;
			children = (
				BFA93A1A2E6A299A00E42E11 /* en */,
				BFA93A1B2E6A299A00E42E11 /* hu */,
			);
			name = Localizable.strings;
			sourceTree = "<group>";
		};
		BFA93A1F2E6A299A00E42E11 /* Localizable.stringsdict */ = {
			isa = PBXVariantGroup;
			children = (
				BFA93A1D2E6A299A00E42E11 /* en */,
				BFA93A1E2E6A299A00E42E11 /* hu */,
			);
			name = Localizable.stringsdict;
			sourceTree = "<group>";
		};
/* End PBXVariantGroup section */

/* Begin XCBuildConfiguration section */
		BF0353252E8DB0090009DF08 /* Debug */ = {
			isa = XCBuildConfiguration;
			buildSettings = {
				ASSETCATALOG_COMPILER_GLOBAL_ACCENT_COLOR_NAME = AccentColor;
				ASSETCATALOG_COMPILER_WIDGET_BACKGROUND_COLOR_NAME = WidgetBackground;
				CODE_SIGN_ENTITLEMENTS = PortfolioWidgetMacExtensionDebug.entitlements;
				CODE_SIGN_STYLE = Automatic;
				CURRENT_PROJECT_VERSION = 1;
				DEVELOPMENT_TEAM = L5MH9KP95U;
				ENABLE_APP_SANDBOX = YES;
				ENABLE_HARDENED_RUNTIME = YES;
				GENERATE_INFOPLIST_FILE = YES;
				INFOPLIST_FILE = PortfolioWidgetMac/Info.plist;
				INFOPLIST_KEY_CFBundleDisplayName = PortfolioWidgetMac;
				INFOPLIST_KEY_NSHumanReadableCopyright = "";
				LD_RUNPATH_SEARCH_PATHS = (
					"$(inherited)",
					"@executable_path/../Frameworks",
					"@executable_path/../../../../Frameworks",
				);
				MACOSX_DEPLOYMENT_TARGET = 15.6;
				MARKETING_VERSION = 1.0;
				PRODUCT_BUNDLE_IDENTIFIER = "com.ravecodesolutions.UltimatePortfolio-AH.PortfolioWidgetMac";
				PRODUCT_NAME = "$(TARGET_NAME)";
				REGISTER_APP_GROUPS = YES;
				SDKROOT = macosx;
				SKIP_INSTALL = YES;
				STRING_CATALOG_GENERATE_SYMBOLS = YES;
				SWIFT_APPROACHABLE_CONCURRENCY = YES;
				SWIFT_EMIT_LOC_STRINGS = YES;
				SWIFT_UPCOMING_FEATURE_MEMBER_IMPORT_VISIBILITY = YES;
				SWIFT_VERSION = 5.0;
			};
			name = Debug;
		};
		BF0353262E8DB0090009DF08 /* Release */ = {
			isa = XCBuildConfiguration;
			buildSettings = {
				ASSETCATALOG_COMPILER_GLOBAL_ACCENT_COLOR_NAME = AccentColor;
				ASSETCATALOG_COMPILER_WIDGET_BACKGROUND_COLOR_NAME = WidgetBackground;
				CODE_SIGN_STYLE = Automatic;
				CURRENT_PROJECT_VERSION = 1;
				DEVELOPMENT_TEAM = L5MH9KP95U;
				ENABLE_APP_SANDBOX = YES;
				ENABLE_HARDENED_RUNTIME = YES;
				GENERATE_INFOPLIST_FILE = YES;
				INFOPLIST_FILE = PortfolioWidgetMac/Info.plist;
				INFOPLIST_KEY_CFBundleDisplayName = PortfolioWidgetMac;
				INFOPLIST_KEY_NSHumanReadableCopyright = "";
				LD_RUNPATH_SEARCH_PATHS = (
					"$(inherited)",
					"@executable_path/../Frameworks",
					"@executable_path/../../../../Frameworks",
				);
				MACOSX_DEPLOYMENT_TARGET = 15.6;
				MARKETING_VERSION = 1.0;
				PRODUCT_BUNDLE_IDENTIFIER = "com.ravecodesolutions.UltimatePortfolio-AH.PortfolioWidgetMac";
				PRODUCT_NAME = "$(TARGET_NAME)";
				REGISTER_APP_GROUPS = YES;
				SDKROOT = macosx;
				SKIP_INSTALL = YES;
				STRING_CATALOG_GENERATE_SYMBOLS = YES;
				SWIFT_APPROACHABLE_CONCURRENCY = YES;
				SWIFT_EMIT_LOC_STRINGS = YES;
				SWIFT_UPCOMING_FEATURE_MEMBER_IMPORT_VISIBILITY = YES;
				SWIFT_VERSION = 5.0;
			};
			name = Release;
		};
		BF04580D2E6B3203006A77E8 /* Debug */ = {
			isa = XCBuildConfiguration;
			buildSettings = {
				BUNDLE_LOADER = "$(TEST_HOST)";
				CODE_SIGN_STYLE = Automatic;
				CURRENT_PROJECT_VERSION = 1;
				DEVELOPMENT_TEAM = L5MH9KP95U;
				GENERATE_INFOPLIST_FILE = YES;
				IPHONEOS_DEPLOYMENT_TARGET = 18.5;
				MARKETING_VERSION = 1.0;
				PRODUCT_BUNDLE_IDENTIFIER = "com.ravecodesolutions.UltimatePortfolio-AHTests";
				PRODUCT_NAME = "$(TARGET_NAME)";
				SDKROOT = iphoneos;
				SWIFT_EMIT_LOC_STRINGS = NO;
				SWIFT_VERSION = 5.0;
				TARGETED_DEVICE_FAMILY = "1,2";
				TEST_HOST = "$(BUILT_PRODUCTS_DIR)/UltimatePortfolio_AH.app/$(BUNDLE_EXECUTABLE_FOLDER_PATH)/UltimatePortfolio_AH";
			};
			name = Debug;
		};
		BF04580E2E6B3203006A77E8 /* Release */ = {
			isa = XCBuildConfiguration;
			buildSettings = {
				BUNDLE_LOADER = "$(TEST_HOST)";
				CODE_SIGN_STYLE = Automatic;
				CURRENT_PROJECT_VERSION = 1;
				DEVELOPMENT_TEAM = L5MH9KP95U;
				GENERATE_INFOPLIST_FILE = YES;
				IPHONEOS_DEPLOYMENT_TARGET = 18.5;
				MARKETING_VERSION = 1.0;
				PRODUCT_BUNDLE_IDENTIFIER = "com.ravecodesolutions.UltimatePortfolio-AHTests";
				PRODUCT_NAME = "$(TARGET_NAME)";
				SDKROOT = iphoneos;
				SWIFT_EMIT_LOC_STRINGS = NO;
				SWIFT_VERSION = 5.0;
				TARGETED_DEVICE_FAMILY = "1,2";
				TEST_HOST = "$(BUILT_PRODUCTS_DIR)/UltimatePortfolio_AH.app/$(BUNDLE_EXECUTABLE_FOLDER_PATH)/UltimatePortfolio_AH";
				VALIDATE_PRODUCT = YES;
			};
			name = Release;
		};
		BF7911C62E53B519000545C6 /* Debug */ = {
			isa = XCBuildConfiguration;
			buildSettings = {
				ALWAYS_SEARCH_USER_PATHS = NO;
				ASSETCATALOG_COMPILER_GENERATE_SWIFT_ASSET_SYMBOL_EXTENSIONS = YES;
				CLANG_ANALYZER_LOCALIZABILITY_NONLOCALIZED = YES;
				CLANG_ANALYZER_NONNULL = YES;
				CLANG_ANALYZER_NUMBER_OBJECT_CONVERSION = YES_AGGRESSIVE;
				CLANG_CXX_LANGUAGE_STANDARD = "gnu++20";
				CLANG_ENABLE_MODULES = YES;
				CLANG_ENABLE_OBJC_ARC = YES;
				CLANG_ENABLE_OBJC_WEAK = YES;
				CLANG_WARN_BLOCK_CAPTURE_AUTORELEASING = YES;
				CLANG_WARN_BOOL_CONVERSION = YES;
				CLANG_WARN_COMMA = YES;
				CLANG_WARN_CONSTANT_CONVERSION = YES;
				CLANG_WARN_DEPRECATED_OBJC_IMPLEMENTATIONS = YES;
				CLANG_WARN_DIRECT_OBJC_ISA_USAGE = YES_ERROR;
				CLANG_WARN_DOCUMENTATION_COMMENTS = YES;
				CLANG_WARN_EMPTY_BODY = YES;
				CLANG_WARN_ENUM_CONVERSION = YES;
				CLANG_WARN_INFINITE_RECURSION = YES;
				CLANG_WARN_INT_CONVERSION = YES;
				CLANG_WARN_NON_LITERAL_NULL_CONVERSION = YES;
				CLANG_WARN_OBJC_IMPLICIT_RETAIN_SELF = YES;
				CLANG_WARN_OBJC_LITERAL_CONVERSION = YES;
				CLANG_WARN_OBJC_ROOT_CLASS = YES_ERROR;
				CLANG_WARN_QUOTED_INCLUDE_IN_FRAMEWORK_HEADER = YES;
				CLANG_WARN_RANGE_LOOP_ANALYSIS = YES;
				CLANG_WARN_STRICT_PROTOTYPES = YES;
				CLANG_WARN_SUSPICIOUS_MOVE = YES;
				CLANG_WARN_UNGUARDED_AVAILABILITY = YES_AGGRESSIVE;
				CLANG_WARN_UNREACHABLE_CODE = YES;
				CLANG_WARN__DUPLICATE_METHOD_MATCH = YES;
				COPY_PHASE_STRIP = NO;
				DEBUG_INFORMATION_FORMAT = dwarf;
				DEVELOPMENT_TEAM = L5MH9KP95U;
				ENABLE_STRICT_OBJC_MSGSEND = YES;
				ENABLE_TESTABILITY = YES;
				ENABLE_USER_SCRIPT_SANDBOXING = YES;
				GCC_C_LANGUAGE_STANDARD = gnu17;
				GCC_DYNAMIC_NO_PIC = NO;
				GCC_NO_COMMON_BLOCKS = YES;
				GCC_OPTIMIZATION_LEVEL = 0;
				GCC_PREPROCESSOR_DEFINITIONS = (
					"DEBUG=1",
					"$(inherited)",
				);
				GCC_WARN_64_TO_32_BIT_CONVERSION = YES;
				GCC_WARN_ABOUT_RETURN_TYPE = YES_ERROR;
				GCC_WARN_UNDECLARED_SELECTOR = YES;
				GCC_WARN_UNINITIALIZED_AUTOS = YES_AGGRESSIVE;
				GCC_WARN_UNUSED_FUNCTION = YES;
				GCC_WARN_UNUSED_VARIABLE = YES;
				LOCALIZATION_PREFERS_STRING_CATALOGS = YES;
				MTL_ENABLE_DEBUG_INFO = INCLUDE_SOURCE;
				MTL_FAST_MATH = YES;
				ONLY_ACTIVE_ARCH = YES;
				SWIFT_ACTIVE_COMPILATION_CONDITIONS = "DEBUG $(inherited)";
				SWIFT_OPTIMIZATION_LEVEL = "-Onone";
			};
			name = Debug;
		};
		BF7911C72E53B519000545C6 /* Release */ = {
			isa = XCBuildConfiguration;
			buildSettings = {
				ALWAYS_SEARCH_USER_PATHS = NO;
				ASSETCATALOG_COMPILER_GENERATE_SWIFT_ASSET_SYMBOL_EXTENSIONS = YES;
				CLANG_ANALYZER_LOCALIZABILITY_NONLOCALIZED = YES;
				CLANG_ANALYZER_NONNULL = YES;
				CLANG_ANALYZER_NUMBER_OBJECT_CONVERSION = YES_AGGRESSIVE;
				CLANG_CXX_LANGUAGE_STANDARD = "gnu++20";
				CLANG_ENABLE_MODULES = YES;
				CLANG_ENABLE_OBJC_ARC = YES;
				CLANG_ENABLE_OBJC_WEAK = YES;
				CLANG_WARN_BLOCK_CAPTURE_AUTORELEASING = YES;
				CLANG_WARN_BOOL_CONVERSION = YES;
				CLANG_WARN_COMMA = YES;
				CLANG_WARN_CONSTANT_CONVERSION = YES;
				CLANG_WARN_DEPRECATED_OBJC_IMPLEMENTATIONS = YES;
				CLANG_WARN_DIRECT_OBJC_ISA_USAGE = YES_ERROR;
				CLANG_WARN_DOCUMENTATION_COMMENTS = YES;
				CLANG_WARN_EMPTY_BODY = YES;
				CLANG_WARN_ENUM_CONVERSION = YES;
				CLANG_WARN_INFINITE_RECURSION = YES;
				CLANG_WARN_INT_CONVERSION = YES;
				CLANG_WARN_NON_LITERAL_NULL_CONVERSION = YES;
				CLANG_WARN_OBJC_IMPLICIT_RETAIN_SELF = YES;
				CLANG_WARN_OBJC_LITERAL_CONVERSION = YES;
				CLANG_WARN_OBJC_ROOT_CLASS = YES_ERROR;
				CLANG_WARN_QUOTED_INCLUDE_IN_FRAMEWORK_HEADER = YES;
				CLANG_WARN_RANGE_LOOP_ANALYSIS = YES;
				CLANG_WARN_STRICT_PROTOTYPES = YES;
				CLANG_WARN_SUSPICIOUS_MOVE = YES;
				CLANG_WARN_UNGUARDED_AVAILABILITY = YES_AGGRESSIVE;
				CLANG_WARN_UNREACHABLE_CODE = YES;
				CLANG_WARN__DUPLICATE_METHOD_MATCH = YES;
				COPY_PHASE_STRIP = NO;
				DEBUG_INFORMATION_FORMAT = "dwarf-with-dsym";
				DEVELOPMENT_TEAM = L5MH9KP95U;
				ENABLE_NS_ASSERTIONS = NO;
				ENABLE_STRICT_OBJC_MSGSEND = YES;
				ENABLE_USER_SCRIPT_SANDBOXING = YES;
				GCC_C_LANGUAGE_STANDARD = gnu17;
				GCC_NO_COMMON_BLOCKS = YES;
				GCC_WARN_64_TO_32_BIT_CONVERSION = YES;
				GCC_WARN_ABOUT_RETURN_TYPE = YES_ERROR;
				GCC_WARN_UNDECLARED_SELECTOR = YES;
				GCC_WARN_UNINITIALIZED_AUTOS = YES_AGGRESSIVE;
				GCC_WARN_UNUSED_FUNCTION = YES;
				GCC_WARN_UNUSED_VARIABLE = YES;
				LOCALIZATION_PREFERS_STRING_CATALOGS = YES;
				MTL_ENABLE_DEBUG_INFO = NO;
				MTL_FAST_MATH = YES;
				SWIFT_COMPILATION_MODE = wholemodule;
			};
			name = Release;
		};
		BF7911C92E53B519000545C6 /* Debug */ = {
			isa = XCBuildConfiguration;
			buildSettings = {
				ASSETCATALOG_COMPILER_APPICON_NAME = AppIcon;
				ASSETCATALOG_COMPILER_GLOBAL_ACCENT_COLOR_NAME = AccentColor;
				CODE_SIGN_ENTITLEMENTS = UltimatePortfolio_AH/Configuration/UltimatePortfolio_AHDebug.entitlements;
				CODE_SIGN_STYLE = Automatic;
				CURRENT_PROJECT_VERSION = 1;
				DEVELOPMENT_TEAM = L5MH9KP95U;
				ENABLE_HARDENED_RUNTIME = YES;
				ENABLE_PREVIEWS = YES;
				ENABLE_USER_SCRIPT_SANDBOXING = NO;
				GENERATE_INFOPLIST_FILE = YES;
				INFOPLIST_FILE = "UltimatePortfolio-AH-Info.plist";
				"INFOPLIST_KEY_UIApplicationSceneManifest_Generation[sdk=iphoneos*]" = YES;
				"INFOPLIST_KEY_UIApplicationSceneManifest_Generation[sdk=iphonesimulator*]" = YES;
				"INFOPLIST_KEY_UIApplicationSupportsIndirectInputEvents[sdk=iphoneos*]" = YES;
				"INFOPLIST_KEY_UIApplicationSupportsIndirectInputEvents[sdk=iphonesimulator*]" = YES;
				"INFOPLIST_KEY_UILaunchScreen_Generation[sdk=iphoneos*]" = YES;
				"INFOPLIST_KEY_UILaunchScreen_Generation[sdk=iphonesimulator*]" = YES;
				"INFOPLIST_KEY_UIStatusBarStyle[sdk=iphoneos*]" = UIStatusBarStyleDefault;
				"INFOPLIST_KEY_UIStatusBarStyle[sdk=iphonesimulator*]" = UIStatusBarStyleDefault;
				INFOPLIST_KEY_UISupportedInterfaceOrientations_iPad = "UIInterfaceOrientationPortrait UIInterfaceOrientationPortraitUpsideDown UIInterfaceOrientationLandscapeLeft UIInterfaceOrientationLandscapeRight";
				INFOPLIST_KEY_UISupportedInterfaceOrientations_iPhone = "UIInterfaceOrientationPortrait UIInterfaceOrientationLandscapeLeft UIInterfaceOrientationLandscapeRight";
				IPHONEOS_DEPLOYMENT_TARGET = 18.5;
				LD_RUNPATH_SEARCH_PATHS = "@executable_path/Frameworks";
				"LD_RUNPATH_SEARCH_PATHS[sdk=macosx*]" = "@executable_path/../Frameworks";
				MACOSX_DEPLOYMENT_TARGET = 15.5;
				MARKETING_VERSION = 1.0;
				PRODUCT_BUNDLE_IDENTIFIER = "com.ravecodesolutions.UltimatePortfolio-AH";
				PRODUCT_NAME = "$(TARGET_NAME)";
				REGISTER_APP_GROUPS = YES;
				SDKROOT = auto;
				SUPPORTED_PLATFORMS = "iphoneos iphonesimulator macosx xros xrsimulator";
				SWIFT_EMIT_LOC_STRINGS = YES;
				SWIFT_VERSION = 5.0;
				TARGETED_DEVICE_FAMILY = "1,2,7";
				XROS_DEPLOYMENT_TARGET = 2.5;
			};
			name = Debug;
		};
		BF7911CA2E53B519000545C6 /* Release */ = {
			isa = XCBuildConfiguration;
			buildSettings = {
				ASSETCATALOG_COMPILER_APPICON_NAME = AppIcon;
				ASSETCATALOG_COMPILER_GLOBAL_ACCENT_COLOR_NAME = AccentColor;
				CODE_SIGN_ENTITLEMENTS = UltimatePortfolio_AH/Configuration/UltimatePortfolio_AH.entitlements;
				CODE_SIGN_STYLE = Automatic;
				CURRENT_PROJECT_VERSION = 1;
				DEVELOPMENT_TEAM = L5MH9KP95U;
				ENABLE_HARDENED_RUNTIME = YES;
				ENABLE_PREVIEWS = YES;
				ENABLE_USER_SCRIPT_SANDBOXING = NO;
				GENERATE_INFOPLIST_FILE = YES;
				INFOPLIST_FILE = "UltimatePortfolio-AH-Info.plist";
				"INFOPLIST_KEY_UIApplicationSceneManifest_Generation[sdk=iphoneos*]" = YES;
				"INFOPLIST_KEY_UIApplicationSceneManifest_Generation[sdk=iphonesimulator*]" = YES;
				"INFOPLIST_KEY_UIApplicationSupportsIndirectInputEvents[sdk=iphoneos*]" = YES;
				"INFOPLIST_KEY_UIApplicationSupportsIndirectInputEvents[sdk=iphonesimulator*]" = YES;
				"INFOPLIST_KEY_UILaunchScreen_Generation[sdk=iphoneos*]" = YES;
				"INFOPLIST_KEY_UILaunchScreen_Generation[sdk=iphonesimulator*]" = YES;
				"INFOPLIST_KEY_UIStatusBarStyle[sdk=iphoneos*]" = UIStatusBarStyleDefault;
				"INFOPLIST_KEY_UIStatusBarStyle[sdk=iphonesimulator*]" = UIStatusBarStyleDefault;
				INFOPLIST_KEY_UISupportedInterfaceOrientations_iPad = "UIInterfaceOrientationPortrait UIInterfaceOrientationPortraitUpsideDown UIInterfaceOrientationLandscapeLeft UIInterfaceOrientationLandscapeRight";
				INFOPLIST_KEY_UISupportedInterfaceOrientations_iPhone = "UIInterfaceOrientationPortrait UIInterfaceOrientationLandscapeLeft UIInterfaceOrientationLandscapeRight";
				IPHONEOS_DEPLOYMENT_TARGET = 18.5;
				LD_RUNPATH_SEARCH_PATHS = "@executable_path/Frameworks";
				"LD_RUNPATH_SEARCH_PATHS[sdk=macosx*]" = "@executable_path/../Frameworks";
				MACOSX_DEPLOYMENT_TARGET = 15.5;
				MARKETING_VERSION = 1.0;
				PRODUCT_BUNDLE_IDENTIFIER = "com.ravecodesolutions.UltimatePortfolio-AH";
				PRODUCT_NAME = "$(TARGET_NAME)";
				REGISTER_APP_GROUPS = YES;
				SDKROOT = auto;
				SUPPORTED_PLATFORMS = "iphoneos iphonesimulator macosx xros xrsimulator";
				SWIFT_EMIT_LOC_STRINGS = YES;
				SWIFT_VERSION = 5.0;
				TARGETED_DEVICE_FAMILY = "1,2,7";
				XROS_DEPLOYMENT_TARGET = 2.5;
			};
			name = Release;
		};
		BF884CC42E71E4F50028CF6B /* Debug */ = {
			isa = XCBuildConfiguration;
			buildSettings = {
				CODE_SIGN_STYLE = Automatic;
				CURRENT_PROJECT_VERSION = 1;
				DEVELOPMENT_TEAM = L5MH9KP95U;
				GENERATE_INFOPLIST_FILE = YES;
				IPHONEOS_DEPLOYMENT_TARGET = 18.5;
				MARKETING_VERSION = 1.0;
				PRODUCT_BUNDLE_IDENTIFIER = "com.ravecodesolutions.UltimatePortfolio-AHUITests";
				PRODUCT_NAME = "$(TARGET_NAME)";
				SDKROOT = iphoneos;
				SWIFT_EMIT_LOC_STRINGS = NO;
				SWIFT_VERSION = 5.0;
				TARGETED_DEVICE_FAMILY = "1,2";
				TEST_TARGET_NAME = UltimatePortfolio_AH;
			};
			name = Debug;
		};
		BF884CC52E71E4F50028CF6B /* Release */ = {
			isa = XCBuildConfiguration;
			buildSettings = {
				CODE_SIGN_STYLE = Automatic;
				CURRENT_PROJECT_VERSION = 1;
				DEVELOPMENT_TEAM = L5MH9KP95U;
				GENERATE_INFOPLIST_FILE = YES;
				IPHONEOS_DEPLOYMENT_TARGET = 18.5;
				MARKETING_VERSION = 1.0;
				PRODUCT_BUNDLE_IDENTIFIER = "com.ravecodesolutions.UltimatePortfolio-AHUITests";
				PRODUCT_NAME = "$(TARGET_NAME)";
				SDKROOT = iphoneos;
				SWIFT_EMIT_LOC_STRINGS = NO;
				SWIFT_VERSION = 5.0;
				TARGETED_DEVICE_FAMILY = "1,2";
				TEST_TARGET_NAME = UltimatePortfolio_AH;
				VALIDATE_PRODUCT = YES;
			};
			name = Release;
		};
		BF8FE6D72E8AEE95004666AF /* Debug */ = {
			isa = XCBuildConfiguration;
			buildSettings = {
				ASSETCATALOG_COMPILER_GLOBAL_ACCENT_COLOR_NAME = AccentColor;
				ASSETCATALOG_COMPILER_WIDGET_BACKGROUND_COLOR_NAME = WidgetBackground;
				CODE_SIGN_ENTITLEMENTS = PortfolioWidgetExtensionDebug.entitlements;
				CODE_SIGN_STYLE = Automatic;
				CURRENT_PROJECT_VERSION = 1;
				DEVELOPMENT_TEAM = L5MH9KP95U;
				GENERATE_INFOPLIST_FILE = YES;
				INFOPLIST_FILE = PortfolioWidget/Info.plist;
				INFOPLIST_KEY_CFBundleDisplayName = PortfolioWidget;
				INFOPLIST_KEY_NSHumanReadableCopyright = "";
				IPHONEOS_DEPLOYMENT_TARGET = 26.0;
				LD_RUNPATH_SEARCH_PATHS = (
					"$(inherited)",
					"@executable_path/Frameworks",
					"@executable_path/../../Frameworks",
				);
				MARKETING_VERSION = 1.0;
				PRODUCT_BUNDLE_IDENTIFIER = "com.ravecodesolutions.UltimatePortfolio-AH.PortfolioWidget";
				PRODUCT_NAME = "$(TARGET_NAME)";
				SDKROOT = iphoneos;
				SKIP_INSTALL = YES;
				STRING_CATALOG_GENERATE_SYMBOLS = YES;
				SWIFT_APPROACHABLE_CONCURRENCY = YES;
				SWIFT_EMIT_LOC_STRINGS = YES;
				SWIFT_UPCOMING_FEATURE_MEMBER_IMPORT_VISIBILITY = YES;
				SWIFT_VERSION = 5.0;
				TARGETED_DEVICE_FAMILY = "1,2";
			};
			name = Debug;
		};
		BF8FE6D82E8AEE95004666AF /* Release */ = {
			isa = XCBuildConfiguration;
			buildSettings = {
				ASSETCATALOG_COMPILER_GLOBAL_ACCENT_COLOR_NAME = AccentColor;
				ASSETCATALOG_COMPILER_WIDGET_BACKGROUND_COLOR_NAME = WidgetBackground;
				CODE_SIGN_STYLE = Automatic;
				CURRENT_PROJECT_VERSION = 1;
				DEVELOPMENT_TEAM = L5MH9KP95U;
				GENERATE_INFOPLIST_FILE = YES;
				INFOPLIST_FILE = PortfolioWidget/Info.plist;
				INFOPLIST_KEY_CFBundleDisplayName = PortfolioWidget;
				INFOPLIST_KEY_NSHumanReadableCopyright = "";
				IPHONEOS_DEPLOYMENT_TARGET = 26.0;
				LD_RUNPATH_SEARCH_PATHS = (
					"$(inherited)",
					"@executable_path/Frameworks",
					"@executable_path/../../Frameworks",
				);
				MARKETING_VERSION = 1.0;
				PRODUCT_BUNDLE_IDENTIFIER = "com.ravecodesolutions.UltimatePortfolio-AH.PortfolioWidget";
				PRODUCT_NAME = "$(TARGET_NAME)";
				SDKROOT = iphoneos;
				SKIP_INSTALL = YES;
				STRING_CATALOG_GENERATE_SYMBOLS = YES;
				SWIFT_APPROACHABLE_CONCURRENCY = YES;
				SWIFT_EMIT_LOC_STRINGS = YES;
				SWIFT_UPCOMING_FEATURE_MEMBER_IMPORT_VISIBILITY = YES;
				SWIFT_VERSION = 5.0;
				TARGETED_DEVICE_FAMILY = "1,2";
				VALIDATE_PRODUCT = YES;
			};
			name = Release;
		};
/* End XCBuildConfiguration section */

/* Begin XCConfigurationList section */
		BF0353242E8DB0090009DF08 /* Build configuration list for PBXNativeTarget "PortfolioWidgetMacExtension" */ = {
			isa = XCConfigurationList;
			buildConfigurations = (
				BF0353252E8DB0090009DF08 /* Debug */,
				BF0353262E8DB0090009DF08 /* Release */,
			);
			defaultConfigurationIsVisible = 0;
			defaultConfigurationName = Release;
		};
		BF04580C2E6B3203006A77E8 /* Build configuration list for PBXNativeTarget "UltimatePortfolio_AHTests" */ = {
			isa = XCConfigurationList;
			buildConfigurations = (
				BF04580D2E6B3203006A77E8 /* Debug */,
				BF04580E2E6B3203006A77E8 /* Release */,
			);
			defaultConfigurationIsVisible = 0;
			defaultConfigurationName = Release;
		};
		BF7911B72E53B517000545C6 /* Build configuration list for PBXProject "UltimatePortfolio_AH" */ = {
			isa = XCConfigurationList;
			buildConfigurations = (
				BF7911C62E53B519000545C6 /* Debug */,
				BF7911C72E53B519000545C6 /* Release */,
			);
			defaultConfigurationIsVisible = 0;
			defaultConfigurationName = Release;
		};
		BF7911C82E53B519000545C6 /* Build configuration list for PBXNativeTarget "UltimatePortfolio_AH" */ = {
			isa = XCConfigurationList;
			buildConfigurations = (
				BF7911C92E53B519000545C6 /* Debug */,
				BF7911CA2E53B519000545C6 /* Release */,
			);
			defaultConfigurationIsVisible = 0;
			defaultConfigurationName = Release;
		};
		BF884CC62E71E4F50028CF6B /* Build configuration list for PBXNativeTarget "UltimatePortfolio_AHUITests" */ = {
			isa = XCConfigurationList;
			buildConfigurations = (
				BF884CC42E71E4F50028CF6B /* Debug */,
				BF884CC52E71E4F50028CF6B /* Release */,
			);
			defaultConfigurationIsVisible = 0;
			defaultConfigurationName = Release;
		};
		BF8FE6DA2E8AEE95004666AF /* Build configuration list for PBXNativeTarget "PortfolioWidgetExtension" */ = {
			isa = XCConfigurationList;
			buildConfigurations = (
				BF8FE6D72E8AEE95004666AF /* Debug */,
				BF8FE6D82E8AEE95004666AF /* Release */,
			);
			defaultConfigurationIsVisible = 0;
			defaultConfigurationName = Release;
		};
/* End XCConfigurationList section */

/* Begin XCRemoteSwiftPackageReference section */
		BFD017232E68C72E00999D51 /* XCRemoteSwiftPackageReference "SwiftLintPlugins" */ = {
			isa = XCRemoteSwiftPackageReference;
			repositoryURL = "https://github.com/SimplyDanny/SwiftLintPlugins";
			requirement = {
				kind = upToNextMajorVersion;
				minimumVersion = 0.60.0;
			};
		};
/* End XCRemoteSwiftPackageReference section */

/* Begin XCVersionGroup section */
		BFA93A202E6A299A00E42E11 /* Main.xcdatamodeld */ = {
			isa = XCVersionGroup;
			children = (
				BFA93A2B2E6A299A00E42E11 /* Main.xcdatamodel */,
			);
			currentVersion = BFA93A2B2E6A299A00E42E11 /* Main.xcdatamodel */;
			path = Main.xcdatamodeld;
			sourceTree = "<group>";
			versionGroupType = wrapper.xcdatamodel;
		};
/* End XCVersionGroup section */
	};
	rootObject = BF7911B42E53B517000545C6 /* Project object */;
}
